Microsoft Visual Studio Solution File, Format Version 12.00
# Visual Studio Version 17
VisualStudioVersion = 17.5.2.0
MinimumVisualStudioVersion = 10.0.40219.1
Project("{FAE04EC0-301F-11D3-BF4B-00C04F79EFBC}") = "IncidentAtlas.Web", "IncidentAtlas.Web.csproj", "{C1A988DC-514F-B776-AC6E-291A157CE10F}"
EndProject
Global
	GlobalSection(SolutionConfigurationPlatforms) = preSolution
		Debug|Any CPU = Debug|Any CPU
		Release|Any CPU = Release|Any CPU
	EndGlobalSection
	GlobalSection(ProjectConfigurationPlatforms) = postSolution
		{C1A988DC-514F-B776-AC6E-291A157CE10F}.Debug|Any CPU.ActiveCfg = Debug|Any CPU
		{C1A988DC-514F-B776-AC6E-291A157CE10F}.Debug|Any CPU.Build.0 = Debug|Any CPU
		{C1A988DC-514F-B776-AC6E-291A157CE10F}.Release|Any CPU.ActiveCfg = Release|Any CPU
		{C1A988DC-514F-B776-AC6E-291A157CE10F}.Release|Any CPU.Build.0 = Release|Any CPU
	EndGlobalSection
	GlobalSection(SolutionProperties) = preSolution
		HideSolutionNode = FALSE
	EndGlobalSection
	GlobalSection(ExtensibilityGlobals) = postSolution
		SolutionGuid = {4231B13E-7E03-4DA2-A52D-381942AB6A82}
	EndGlobalSection
EndGlobal
